// !$*UTF8*$!
{
	archiveVersion = 1;
	classes = {
	};
	objectVersion = 50;
	objects = {

/* Begin PBXBuildFile section */
		8D0B58612129160200D6BC02 /* AppDelegate.swift in Sources */ = {isa = PBXBuildFile; fileRef = 8D0B58602129160200D6BC02 /* AppDelegate.swift */; };
		8D0B58632129160200D6BC02 /* ViewController.swift in Sources */ = {isa = PBXBuildFile; fileRef = 8D0B58622129160200D6BC02 /* ViewController.swift */; };
		8D0B58682129160400D6BC02 /* Assets.xcassets in Resources */ = {isa = PBXBuildFile; fileRef = 8D0B58672129160400D6BC02 /* Assets.xcassets */; };
		8D0B586B2129160400D6BC02 /* LaunchScreen.storyboard in Resources */ = {isa = PBXBuildFile; fileRef = 8D0B58692129160400D6BC02 /* LaunchScreen.storyboard */; };
		8D0B58762129160400D6BC02 /* THESimulatorTests.swift in Sources */ = {isa = PBXBuildFile; fileRef = 8D0B58752129160400D6BC02 /* THESimulatorTests.swift */; };
		8D52B63E213087AC003BFE1A /* THESimulatorFramework.framework in Frameworks */ = {isa = PBXBuildFile; fileRef = 8D52B635213087AB003BFE1A /* THESimulatorFramework.framework */; };
		8D52B647213087AC003BFE1A /* THESimulatorFramework.h in Headers */ = {isa = PBXBuildFile; fileRef = 8D52B637213087AB003BFE1A /* THESimulatorFramework.h */; settings = {ATTRIBUTES = (Public, ); }; };
		8D52B64A213087AC003BFE1A /* THESimulatorFramework.framework in Frameworks */ = {isa = PBXBuildFile; fileRef = 8D52B635213087AB003BFE1A /* THESimulatorFramework.framework */; };
		8D52B64B213087AC003BFE1A /* THESimulatorFramework.framework in Embed Frameworks */ = {isa = PBXBuildFile; fileRef = 8D52B635213087AB003BFE1A /* THESimulatorFramework.framework */; settings = {ATTRIBUTES = (CodeSignOnCopy, RemoveHeadersOnCopy, ); }; };
		8D52B65D213087E7003BFE1A /* EventScheduler.swift in Sources */ = {isa = PBXBuildFile; fileRef = 8D52B659213087E6003BFE1A /* EventScheduler.swift */; };
		8D52B65E213087E7003BFE1A /* Queu.swift in Sources */ = {isa = PBXBuildFile; fileRef = 8D52B65A213087E6003BFE1A /* Queu.swift */; };
		8D52B65F213087E7003BFE1A /* Event.swift in Sources */ = {isa = PBXBuildFile; fileRef = 8D52B65B213087E6003BFE1A /* Event.swift */; };
		8D52B660213087E7003BFE1A /* RandomStrategy.swift in Sources */ = {isa = PBXBuildFile; fileRef = 8D52B65C213087E6003BFE1A /* RandomStrategy.swift */; };
		8D52B665213087ED003BFE1A /* MeasureTime.swift in Sources */ = {isa = PBXBuildFile; fileRef = 8D52B661213087EC003BFE1A /* MeasureTime.swift */; };
		8D52B666213087ED003BFE1A /* ChartViewController.swift in Sources */ = {isa = PBXBuildFile; fileRef = 8D52B662213087ED003BFE1A /* ChartViewController.swift */; };
		8D52B667213087ED003BFE1A /* Array+insertOrdered.swift in Sources */ = {isa = PBXBuildFile; fileRef = 8D52B663213087ED003BFE1A /* Array+insertOrdered.swift */; };
		8D52B668213087ED003BFE1A /* ScatterView.swift in Sources */ = {isa = PBXBuildFile; fileRef = 8D52B664213087ED003BFE1A /* ScatterView.swift */; };
		8D52B673213089FD003BFE1A /* Charts.framework in Frameworks */ = {isa = PBXBuildFile; fileRef = 8D52B672213089FD003BFE1A /* Charts.framework */; };
		8D83B1F02130CF5F00CA98AA /* ExecutionInfo.swift in Sources */ = {isa = PBXBuildFile; fileRef = 8D83B1EF2130CF5F00CA98AA /* ExecutionInfo.swift */; };
		8D83B1F42130E8FE00CA98AA /* Charts.framework in Embed Frameworks */ = {isa = PBXBuildFile; fileRef = 8D52B672213089FD003BFE1A /* Charts.framework */; settings = {ATTRIBUTES = (CodeSignOnCopy, RemoveHeadersOnCopy, ); }; };
		8DC1A305213093D000C9F797 /* ExercisesTest.swift in Sources */ = {isa = PBXBuildFile; fileRef = 8DC1A304213093D000C9F797 /* ExercisesTest.swift */; };
/* End PBXBuildFile section */

/* Begin PBXContainerItemProxy section */
		8D0B58722129160400D6BC02 /* PBXContainerItemProxy */ = {
			isa = PBXContainerItemProxy;
			containerPortal = 8D0B58552129160200D6BC02 /* Project object */;
			proxyType = 1;
			remoteGlobalIDString = 8D0B585C2129160200D6BC02;
			remoteInfo = THESimulator;
		};
		8D52B63F213087AC003BFE1A /* PBXContainerItemProxy */ = {
			isa = PBXContainerItemProxy;
			containerPortal = 8D0B58552129160200D6BC02 /* Project object */;
			proxyType = 1;
			remoteGlobalIDString = 8D52B634213087AB003BFE1A;
			remoteInfo = THESimulatorFramework;
		};
		8D52B641213087AC003BFE1A /* PBXContainerItemProxy */ = {
			isa = PBXContainerItemProxy;
			containerPortal = 8D0B58552129160200D6BC02 /* Project object */;
			proxyType = 1;
			remoteGlobalIDString = 8D0B585C2129160200D6BC02;
			remoteInfo = THESimulator;
		};
		8D52B648213087AC003BFE1A /* PBXContainerItemProxy */ = {
			isa = PBXContainerItemProxy;
			containerPortal = 8D0B58552129160200D6BC02 /* Project object */;
			proxyType = 1;
			remoteGlobalIDString = 8D52B634213087AB003BFE1A;
			remoteInfo = THESimulatorFramework;
		};
/* End PBXContainerItemProxy section */

/* Begin PBXCopyFilesBuildPhase section */
		8D52B651213087AC003BFE1A /* Embed Frameworks */ = {
			isa = PBXCopyFilesBuildPhase;
			buildActionMask = 2147483647;
			dstPath = "";
			dstSubfolderSpec = 10;
			files = (
				8D83B1F42130E8FE00CA98AA /* Charts.framework in Embed Frameworks */,
				8D52B64B213087AC003BFE1A /* THESimulatorFramework.framework in Embed Frameworks */,
			);
			name = "Embed Frameworks";
			runOnlyForDeploymentPostprocessing = 0;
		};
/* End PBXCopyFilesBuildPhase section */

/* Begin PBXFileReference section */
		8D0B585D2129160200D6BC02 /* THESimulator.app */ = {isa = PBXFileReference; explicitFileType = wrapper.application; includeInIndex = 0; path = THESimulator.app; sourceTree = BUILT_PRODUCTS_DIR; };
		8D0B58602129160200D6BC02 /* AppDelegate.swift */ = {isa = PBXFileReference; lastKnownFileType = sourcecode.swift; path = AppDelegate.swift; sourceTree = "<group>"; };
		8D0B58622129160200D6BC02 /* ViewController.swift */ = {isa = PBXFileReference; lastKnownFileType = sourcecode.swift; path = ViewController.swift; sourceTree = "<group>"; };
		8D0B58672129160400D6BC02 /* Assets.xcassets */ = {isa = PBXFileReference; lastKnownFileType = folder.assetcatalog; path = Assets.xcassets; sourceTree = "<group>"; };
		8D0B586A2129160400D6BC02 /* Base */ = {isa = PBXFileReference; lastKnownFileType = file.storyboard; name = Base; path = Base.lproj/LaunchScreen.storyboard; sourceTree = "<group>"; };
		8D0B586C2129160400D6BC02 /* Info.plist */ = {isa = PBXFileReference; lastKnownFileType = text.plist.xml; path = Info.plist; sourceTree = "<group>"; };
		8D0B58712129160400D6BC02 /* THESimulatorTests.xctest */ = {isa = PBXFileReference; explicitFileType = wrapper.cfbundle; includeInIndex = 0; path = THESimulatorTests.xctest; sourceTree = BUILT_PRODUCTS_DIR; };
		8D0B58752129160400D6BC02 /* THESimulatorTests.swift */ = {isa = PBXFileReference; lastKnownFileType = sourcecode.swift; path = THESimulatorTests.swift; sourceTree = "<group>"; };
		8D0B58772129160400D6BC02 /* Info.plist */ = {isa = PBXFileReference; lastKnownFileType = text.plist.xml; path = Info.plist; sourceTree = "<group>"; };
		8D52B635213087AB003BFE1A /* THESimulatorFramework.framework */ = {isa = PBXFileReference; explicitFileType = wrapper.framework; includeInIndex = 0; path = THESimulatorFramework.framework; sourceTree = BUILT_PRODUCTS_DIR; };
		8D52B637213087AB003BFE1A /* THESimulatorFramework.h */ = {isa = PBXFileReference; lastKnownFileType = sourcecode.c.h; path = THESimulatorFramework.h; sourceTree = "<group>"; };
		8D52B638213087AB003BFE1A /* Info.plist */ = {isa = PBXFileReference; lastKnownFileType = text.plist.xml; path = Info.plist; sourceTree = "<group>"; };
		8D52B63D213087AB003BFE1A /* THESimulatorFrameworkTests.xctest */ = {isa = PBXFileReference; explicitFileType = wrapper.cfbundle; includeInIndex = 0; path = THESimulatorFrameworkTests.xctest; sourceTree = BUILT_PRODUCTS_DIR; };
		8D52B646213087AC003BFE1A /* Info.plist */ = {isa = PBXFileReference; lastKnownFileType = text.plist.xml; path = Info.plist; sourceTree = "<group>"; };
		8D52B659213087E6003BFE1A /* EventScheduler.swift */ = {isa = PBXFileReference; lastKnownFileType = sourcecode.swift; path = EventScheduler.swift; sourceTree = "<group>"; };
		8D52B65A213087E6003BFE1A /* Queu.swift */ = {isa = PBXFileReference; lastKnownFileType = sourcecode.swift; path = Queu.swift; sourceTree = "<group>"; };
		8D52B65B213087E6003BFE1A /* Event.swift */ = {isa = PBXFileReference; lastKnownFileType = sourcecode.swift; path = Event.swift; sourceTree = "<group>"; };
		8D52B65C213087E6003BFE1A /* RandomStrategy.swift */ = {isa = PBXFileReference; lastKnownFileType = sourcecode.swift; path = RandomStrategy.swift; sourceTree = "<group>"; };
		8D52B661213087EC003BFE1A /* MeasureTime.swift */ = {isa = PBXFileReference; lastKnownFileType = sourcecode.swift; path = MeasureTime.swift; sourceTree = "<group>"; };
		8D52B662213087ED003BFE1A /* ChartViewController.swift */ = {isa = PBXFileReference; lastKnownFileType = sourcecode.swift; path = ChartViewController.swift; sourceTree = "<group>"; };
		8D52B663213087ED003BFE1A /* Array+insertOrdered.swift */ = {isa = PBXFileReference; lastKnownFileType = sourcecode.swift; path = "Array+insertOrdered.swift"; sourceTree = "<group>"; };
		8D52B664213087ED003BFE1A /* ScatterView.swift */ = {isa = PBXFileReference; lastKnownFileType = sourcecode.swift; path = ScatterView.swift; sourceTree = "<group>"; };
		8D52B6692130880D003BFE1A /* THESimulatorPlayground.playground */ = {isa = PBXFileReference; lastKnownFileType = file.playground; path = THESimulatorPlayground.playground; sourceTree = "<group>"; };
		8D52B672213089FD003BFE1A /* Charts.framework */ = {isa = PBXFileReference; lastKnownFileType = wrapper.framework; name = Charts.framework; path = Carthage/Build/iOS/Charts.framework; sourceTree = "<group>"; };
		8D83B1EF2130CF5F00CA98AA /* ExecutionInfo.swift */ = {isa = PBXFileReference; lastKnownFileType = sourcecode.swift; path = ExecutionInfo.swift; sourceTree = "<group>"; };
		8DC1A304213093D000C9F797 /* ExercisesTest.swift */ = {isa = PBXFileReference; lastKnownFileType = sourcecode.swift; path = ExercisesTest.swift; sourceTree = "<group>"; };
/* End PBXFileReference section */

/* Begin PBXFrameworksBuildPhase section */
		8D0B585A2129160200D6BC02 /* Frameworks */ = {
			isa = PBXFrameworksBuildPhase;
			buildActionMask = 2147483647;
			files = (
				8D52B64A213087AC003BFE1A /* THESimulatorFramework.framework in Frameworks */,
			);
			runOnlyForDeploymentPostprocessing = 0;
		};
		8D0B586E2129160400D6BC02 /* Frameworks */ = {
			isa = PBXFrameworksBuildPhase;
			buildActionMask = 2147483647;
			files = (
			);
			runOnlyForDeploymentPostprocessing = 0;
		};
		8D52B631213087AB003BFE1A /* Frameworks */ = {
			isa = PBXFrameworksBuildPhase;
			buildActionMask = 2147483647;
			files = (
				8D52B673213089FD003BFE1A /* Charts.framework in Frameworks */,
			);
			runOnlyForDeploymentPostprocessing = 0;
		};
		8D52B63A213087AB003BFE1A /* Frameworks */ = {
			isa = PBXFrameworksBuildPhase;
			buildActionMask = 2147483647;
			files = (
				8D52B63E213087AC003BFE1A /* THESimulatorFramework.framework in Frameworks */,
			);
			runOnlyForDeploymentPostprocessing = 0;
		};
/* End PBXFrameworksBuildPhase section */

/* Begin PBXGroup section */
		267B9B2526A21FB415BCC71C /* Frameworks */ = {
			isa = PBXGroup;
			children = (
				8D52B672213089FD003BFE1A /* Charts.framework */,
			);
			name = Frameworks;
			sourceTree = "<group>";
		};
		8D0B58542129160200D6BC02 = {
			isa = PBXGroup;
			children = (
				8D52B6692130880D003BFE1A /* THESimulatorPlayground.playground */,
				8D0B585F2129160200D6BC02 /* THESimulator */,
				8D0B58742129160400D6BC02 /* THESimulatorTests */,
				8D52B636213087AB003BFE1A /* THESimulatorFramework */,
				8D52B643213087AC003BFE1A /* THESimulatorFrameworkTests */,
				8D0B585E2129160200D6BC02 /* Products */,
				267B9B2526A21FB415BCC71C /* Frameworks */,
			);
			sourceTree = "<group>";
		};
		8D0B585E2129160200D6BC02 /* Products */ = {
			isa = PBXGroup;
			children = (
				8D0B585D2129160200D6BC02 /* THESimulator.app */,
				8D0B58712129160400D6BC02 /* THESimulatorTests.xctest */,
				8D52B635213087AB003BFE1A /* THESimulatorFramework.framework */,
				8D52B63D213087AB003BFE1A /* THESimulatorFrameworkTests.xctest */,
			);
			name = Products;
			sourceTree = "<group>";
		};
		8D0B585F2129160200D6BC02 /* THESimulator */ = {
			isa = PBXGroup;
			children = (
				8D0B58602129160200D6BC02 /* AppDelegate.swift */,
				8D0B58622129160200D6BC02 /* ViewController.swift */,
				8D0B58672129160400D6BC02 /* Assets.xcassets */,
				8D0B58692129160400D6BC02 /* LaunchScreen.storyboard */,
				8D0B586C2129160400D6BC02 /* Info.plist */,
			);
			path = THESimulator;
			sourceTree = "<group>";
		};
		8D0B58742129160400D6BC02 /* THESimulatorTests */ = {
			isa = PBXGroup;
			children = (
				8D0B58752129160400D6BC02 /* THESimulatorTests.swift */,
				8D0B58772129160400D6BC02 /* Info.plist */,
			);
			path = THESimulatorTests;
			sourceTree = "<group>";
		};
		8D52B636213087AB003BFE1A /* THESimulatorFramework */ = {
			isa = PBXGroup;
			children = (
				8D52B66A21308824003BFE1A /* Simulator */,
				8D52B66B21308836003BFE1A /* RandomNumbersChart */,
				8D52B66C2130884D003BFE1A /* Extensions */,
				8D52B637213087AB003BFE1A /* THESimulatorFramework.h */,
				8D52B638213087AB003BFE1A /* Info.plist */,
			);
			path = THESimulatorFramework;
			sourceTree = "<group>";
		};
		8D52B643213087AC003BFE1A /* THESimulatorFrameworkTests */ = {
			isa = PBXGroup;
			children = (
				8D52B646213087AC003BFE1A /* Info.plist */,
				8DC1A304213093D000C9F797 /* ExercisesTest.swift */,
			);
			path = THESimulatorFrameworkTests;
			sourceTree = "<group>";
		};
		8D52B66A21308824003BFE1A /* Simulator */ = {
			isa = PBXGroup;
			children = (
				8D52B65B213087E6003BFE1A /* Event.swift */,
				8D52B659213087E6003BFE1A /* EventScheduler.swift */,
				8D52B65A213087E6003BFE1A /* Queu.swift */,
				8D52B65C213087E6003BFE1A /* RandomStrategy.swift */,
				8D83B1EF2130CF5F00CA98AA /* ExecutionInfo.swift */,
			);
			path = Simulator;
			sourceTree = "<group>";
		};
		8D52B66B21308836003BFE1A /* RandomNumbersChart */ = {
			isa = PBXGroup;
			children = (
				8D52B662213087ED003BFE1A /* ChartViewController.swift */,
				8D52B664213087ED003BFE1A /* ScatterView.swift */,
			);
			path = RandomNumbersChart;
			sourceTree = "<group>";
		};
		8D52B66C2130884D003BFE1A /* Extensions */ = {
			isa = PBXGroup;
			children = (
				8D52B663213087ED003BFE1A /* Array+insertOrdered.swift */,
				8D52B661213087EC003BFE1A /* MeasureTime.swift */,
			);
			path = Extensions;
			sourceTree = "<group>";
		};
/* End PBXGroup section */

/* Begin PBXHeadersBuildPhase section */
		8D52B632213087AB003BFE1A /* Headers */ = {
			isa = PBXHeadersBuildPhase;
			buildActionMask = 2147483647;
			files = (
				8D52B647213087AC003BFE1A /* THESimulatorFramework.h in Headers */,
			);
			runOnlyForDeploymentPostprocessing = 0;
		};
/* End PBXHeadersBuildPhase section */

/* Begin PBXNativeTarget section */
		8D0B585C2129160200D6BC02 /* THESimulator */ = {
			isa = PBXNativeTarget;
			buildConfigurationList = 8D0B587A2129160400D6BC02 /* Build configuration list for PBXNativeTarget "THESimulator" */;
			buildPhases = (
				8D0B58592129160200D6BC02 /* Sources */,
				8D0B585A2129160200D6BC02 /* Frameworks */,
				8D0B585B2129160200D6BC02 /* Resources */,
				8D52B651213087AC003BFE1A /* Embed Frameworks */,
			);
			buildRules = (
			);
			dependencies = (
				8D52B649213087AC003BFE1A /* PBXTargetDependency */,
			);
			name = THESimulator;
			productName = THESimulator;
			productReference = 8D0B585D2129160200D6BC02 /* THESimulator.app */;
			productType = "com.apple.product-type.application";
		};
		8D0B58702129160400D6BC02 /* THESimulatorTests */ = {
			isa = PBXNativeTarget;
			buildConfigurationList = 8D0B587D2129160400D6BC02 /* Build configuration list for PBXNativeTarget "THESimulatorTests" */;
			buildPhases = (
				8B0736CB126792A2AC0322B4 /* [CP] Check Pods Manifest.lock */,
				8D0B586D2129160400D6BC02 /* Sources */,
				8D0B586E2129160400D6BC02 /* Frameworks */,
				8D0B586F2129160400D6BC02 /* Resources */,
			);
			buildRules = (
			);
			dependencies = (
				8D0B58732129160400D6BC02 /* PBXTargetDependency */,
			);
			name = THESimulatorTests;
			productName = THESimulatorTests;
			productReference = 8D0B58712129160400D6BC02 /* THESimulatorTests.xctest */;
			productType = "com.apple.product-type.bundle.unit-test";
		};
		8D52B634213087AB003BFE1A /* THESimulatorFramework */ = {
			isa = PBXNativeTarget;
			buildConfigurationList = 8D52B650213087AC003BFE1A /* Build configuration list for PBXNativeTarget "THESimulatorFramework" */;
			buildPhases = (
				8D52B630213087AB003BFE1A /* Sources */,
				8D52B631213087AB003BFE1A /* Frameworks */,
				8D52B632213087AB003BFE1A /* Headers */,
				8D52B633213087AB003BFE1A /* Resources */,
				8D52B671213088BC003BFE1A /* ShellScript */,
			);
			buildRules = (
			);
			dependencies = (
			);
			name = THESimulatorFramework;
			productName = THESimulatorFramework;
			productReference = 8D52B635213087AB003BFE1A /* THESimulatorFramework.framework */;
			productType = "com.apple.product-type.framework";
		};
		8D52B63C213087AB003BFE1A /* THESimulatorFrameworkTests */ = {
			isa = PBXNativeTarget;
			buildConfigurationList = 8D52B652213087AC003BFE1A /* Build configuration list for PBXNativeTarget "THESimulatorFrameworkTests" */;
			buildPhases = (
				8D52B639213087AB003BFE1A /* Sources */,
				8D52B63A213087AB003BFE1A /* Frameworks */,
				8D52B63B213087AB003BFE1A /* Resources */,
			);
			buildRules = (
			);
			dependencies = (
				8D52B640213087AC003BFE1A /* PBXTargetDependency */,
				8D52B642213087AC003BFE1A /* PBXTargetDependency */,
			);
			name = THESimulatorFrameworkTests;
			productName = THESimulatorFrameworkTests;
			productReference = 8D52B63D213087AB003BFE1A /* THESimulatorFrameworkTests.xctest */;
			productType = "com.apple.product-type.bundle.unit-test";
		};
/* End PBXNativeTarget section */

/* Begin PBXProject section */
		8D0B58552129160200D6BC02 /* Project object */ = {
			isa = PBXProject;
			attributes = {
				LastSwiftUpdateCheck = 0940;
				LastUpgradeCheck = 0940;
				ORGANIZATIONNAME = "Homero Oliveira";
				TargetAttributes = {
					8D0B585C2129160200D6BC02 = {
						CreatedOnToolsVersion = 9.4.1;
					};
					8D0B58702129160400D6BC02 = {
						CreatedOnToolsVersion = 9.4.1;
						TestTargetID = 8D0B585C2129160200D6BC02;
					};
					8D52B634213087AB003BFE1A = {
						CreatedOnToolsVersion = 9.4.1;
					};
					8D52B63C213087AB003BFE1A = {
						CreatedOnToolsVersion = 9.4.1;
						TestTargetID = 8D0B585C2129160200D6BC02;
					};
				};
			};
			buildConfigurationList = 8D0B58582129160200D6BC02 /* Build configuration list for PBXProject "THESimulator" */;
			compatibilityVersion = "Xcode 9.3";
			developmentRegion = en;
			hasScannedForEncodings = 0;
			knownRegions = (
				en,
				Base,
			);
			mainGroup = 8D0B58542129160200D6BC02;
			productRefGroup = 8D0B585E2129160200D6BC02 /* Products */;
			projectDirPath = "";
			projectRoot = "";
			targets = (
				8D0B585C2129160200D6BC02 /* THESimulator */,
				8D0B58702129160400D6BC02 /* THESimulatorTests */,
				8D52B634213087AB003BFE1A /* THESimulatorFramework */,
				8D52B63C213087AB003BFE1A /* THESimulatorFrameworkTests */,
			);
		};
/* End PBXProject section */

/* Begin PBXResourcesBuildPhase section */
		8D0B585B2129160200D6BC02 /* Resources */ = {
			isa = PBXResourcesBuildPhase;
			buildActionMask = 2147483647;
			files = (
				8D0B586B2129160400D6BC02 /* LaunchScreen.storyboard in Resources */,
				8D0B58682129160400D6BC02 /* Assets.xcassets in Resources */,
			);
			runOnlyForDeploymentPostprocessing = 0;
		};
		8D0B586F2129160400D6BC02 /* Resources */ = {
			isa = PBXResourcesBuildPhase;
			buildActionMask = 2147483647;
			files = (
			);
			runOnlyForDeploymentPostprocessing = 0;
		};
		8D52B633213087AB003BFE1A /* Resources */ = {
			isa = PBXResourcesBuildPhase;
			buildActionMask = 2147483647;
			files = (
			);
			runOnlyForDeploymentPostprocessing = 0;
		};
		8D52B63B213087AB003BFE1A /* Resources */ = {
			isa = PBXResourcesBuildPhase;
			buildActionMask = 2147483647;
			files = (
			);
			runOnlyForDeploymentPostprocessing = 0;
		};
/* End PBXResourcesBuildPhase section */

/* Begin PBXShellScriptBuildPhase section */
		8B0736CB126792A2AC0322B4 /* [CP] Check Pods Manifest.lock */ = {
			isa = PBXShellScriptBuildPhase;
			buildActionMask = 2147483647;
			files = (
			);
			inputPaths = (
				"${PODS_PODFILE_DIR_PATH}/Podfile.lock",
				"${PODS_ROOT}/Manifest.lock",
			);
			name = "[CP] Check Pods Manifest.lock";
			outputPaths = (
				"$(DERIVED_FILE_DIR)/Pods-THESimulatorTests-checkManifestLockResult.txt",
			);
			runOnlyForDeploymentPostprocessing = 0;
			shellPath = /bin/sh;
			shellScript = "diff \"${PODS_PODFILE_DIR_PATH}/Podfile.lock\" \"${PODS_ROOT}/Manifest.lock\" > /dev/null\nif [ $? != 0 ] ; then\n    # print error to STDERR\n    echo \"error: The sandbox is not in sync with the Podfile.lock. Run 'pod install' or update your CocoaPods installation.\" >&2\n    exit 1\nfi\n# This output is used by Xcode 'outputs' to avoid re-running this script phase.\necho \"SUCCESS\" > \"${SCRIPT_OUTPUT_FILE_0}\"\n";
			showEnvVarsInLog = 0;
		};
		8D52B671213088BC003BFE1A /* ShellScript */ = {
			isa = PBXShellScriptBuildPhase;
			buildActionMask = 2147483647;
			files = (
			);
			inputPaths = (
				"$(SRCROOT)/Carthage/Build/iOS/Charts.framework",
			);
			outputPaths = (
				"$(DERIVED_FILE_DIR)/myfile$(BUILT_PRODUCTS_DIR)/$(FRAMEWORKS_FOLDER_PATH)/Charts.framework",
			);
			runOnlyForDeploymentPostprocessing = 0;
			shellPath = /bin/sh;
			shellScript = "/usr/local/bin/carthage copy-frameworks";
		};
/* End PBXShellScriptBuildPhase section */

/* Begin PBXSourcesBuildPhase section */
		8D0B58592129160200D6BC02 /* Sources */ = {
			isa = PBXSourcesBuildPhase;
			buildActionMask = 2147483647;
			files = (
				8D0B58632129160200D6BC02 /* ViewController.swift in Sources */,
				8D0B58612129160200D6BC02 /* AppDelegate.swift in Sources */,
			);
			runOnlyForDeploymentPostprocessing = 0;
		};
		8D0B586D2129160400D6BC02 /* Sources */ = {
			isa = PBXSourcesBuildPhase;
			buildActionMask = 2147483647;
			files = (
				8D0B58762129160400D6BC02 /* THESimulatorTests.swift in Sources */,
			);
			runOnlyForDeploymentPostprocessing = 0;
		};
		8D52B630213087AB003BFE1A /* Sources */ = {
			isa = PBXSourcesBuildPhase;
			buildActionMask = 2147483647;
			files = (
				8D52B65D213087E7003BFE1A /* EventScheduler.swift in Sources */,
				8D52B665213087ED003BFE1A /* MeasureTime.swift in Sources */,
				8D52B65F213087E7003BFE1A /* Event.swift in Sources */,
				8D83B1F02130CF5F00CA98AA /* ExecutionInfo.swift in Sources */,
				8D52B667213087ED003BFE1A /* Array+insertOrdered.swift in Sources */,
				8D52B65E213087E7003BFE1A /* Queu.swift in Sources */,
				8D52B668213087ED003BFE1A /* ScatterView.swift in Sources */,
				8D52B660213087E7003BFE1A /* RandomStrategy.swift in Sources */,
				8D52B666213087ED003BFE1A /* ChartViewController.swift in Sources */,
			);
			runOnlyForDeploymentPostprocessing = 0;
		};
		8D52B639213087AB003BFE1A /* Sources */ = {
			isa = PBXSourcesBuildPhase;
			buildActionMask = 2147483647;
			files = (
				8DC1A305213093D000C9F797 /* ExercisesTest.swift in Sources */,
			);
			runOnlyForDeploymentPostprocessing = 0;
		};
/* End PBXSourcesBuildPhase section */

/* Begin PBXTargetDependency section */
		8D0B58732129160400D6BC02 /* PBXTargetDependency */ = {
			isa = PBXTargetDependency;
			target = 8D0B585C2129160200D6BC02 /* THESimulator */;
			targetProxy = 8D0B58722129160400D6BC02 /* PBXContainerItemProxy */;
		};
		8D52B640213087AC003BFE1A /* PBXTargetDependency */ = {
			isa = PBXTargetDependency;
			target = 8D52B634213087AB003BFE1A /* THESimulatorFramework */;
			targetProxy = 8D52B63F213087AC003BFE1A /* PBXContainerItemProxy */;
		};
		8D52B642213087AC003BFE1A /* PBXTargetDependency */ = {
			isa = PBXTargetDependency;
			target = 8D0B585C2129160200D6BC02 /* THESimulator */;
			targetProxy = 8D52B641213087AC003BFE1A /* PBXContainerItemProxy */;
		};
		8D52B649213087AC003BFE1A /* PBXTargetDependency */ = {
			isa = PBXTargetDependency;
			target = 8D52B634213087AB003BFE1A /* THESimulatorFramework */;
			targetProxy = 8D52B648213087AC003BFE1A /* PBXContainerItemProxy */;
		};
/* End PBXTargetDependency section */

/* Begin PBXVariantGroup section */
		8D0B58692129160400D6BC02 /* LaunchScreen.storyboard */ = {
			isa = PBXVariantGroup;
			children = (
				8D0B586A2129160400D6BC02 /* Base */,
			);
			name = LaunchScreen.storyboard;
			sourceTree = "<group>";
		};
/* End PBXVariantGroup section */

/* Begin XCBuildConfiguration section */
		8D0B58782129160400D6BC02 /* Debug */ = {
			isa = XCBuildConfiguration;
			buildSettings = {
				ALWAYS_SEARCH_USER_PATHS = NO;
				CLANG_ANALYZER_NONNULL = YES;
				CLANG_ANALYZER_NUMBER_OBJECT_CONVERSION = YES_AGGRESSIVE;
				CLANG_CXX_LANGUAGE_STANDARD = "gnu++14";
				CLANG_CXX_LIBRARY = "libc++";
				CLANG_ENABLE_MODULES = YES;
				CLANG_ENABLE_OBJC_ARC = YES;
				CLANG_ENABLE_OBJC_WEAK = YES;
				CLANG_WARN_BLOCK_CAPTURE_AUTORELEASING = YES;
				CLANG_WARN_BOOL_CONVERSION = YES;
				CLANG_WARN_COMMA = YES;
				CLANG_WARN_CONSTANT_CONVERSION = YES;
				CLANG_WARN_DEPRECATED_OBJC_IMPLEMENTATIONS = YES;
				CLANG_WARN_DIRECT_OBJC_ISA_USAGE = YES_ERROR;
				CLANG_WARN_DOCUMENTATION_COMMENTS = YES;
				CLANG_WARN_EMPTY_BODY = YES;
				CLANG_WARN_ENUM_CONVERSION = YES;
				CLANG_WARN_INFINITE_RECURSION = YES;
				CLANG_WARN_INT_CONVERSION = YES;
				CLANG_WARN_NON_LITERAL_NULL_CONVERSION = YES;
				CLANG_WARN_OBJC_IMPLICIT_RETAIN_SELF = YES;
				CLANG_WARN_OBJC_LITERAL_CONVERSION = YES;
				CLANG_WARN_OBJC_ROOT_CLASS = YES_ERROR;
				CLANG_WARN_RANGE_LOOP_ANALYSIS = YES;
				CLANG_WARN_STRICT_PROTOTYPES = YES;
				CLANG_WARN_SUSPICIOUS_MOVE = YES;
				CLANG_WARN_UNGUARDED_AVAILABILITY = YES_AGGRESSIVE;
				CLANG_WARN_UNREACHABLE_CODE = YES;
				CLANG_WARN__DUPLICATE_METHOD_MATCH = YES;
				CODE_SIGN_IDENTITY = "iPhone Developer";
				COPY_PHASE_STRIP = NO;
				DEBUG_INFORMATION_FORMAT = dwarf;
				ENABLE_STRICT_OBJC_MSGSEND = YES;
				ENABLE_TESTABILITY = YES;
				GCC_C_LANGUAGE_STANDARD = gnu11;
				GCC_DYNAMIC_NO_PIC = NO;
				GCC_NO_COMMON_BLOCKS = YES;
				GCC_OPTIMIZATION_LEVEL = 0;
				GCC_PREPROCESSOR_DEFINITIONS = (
					"DEBUG=1",
					"$(inherited)",
				);
				GCC_WARN_64_TO_32_BIT_CONVERSION = YES;
				GCC_WARN_ABOUT_RETURN_TYPE = YES_ERROR;
				GCC_WARN_UNDECLARED_SELECTOR = YES;
				GCC_WARN_UNINITIALIZED_AUTOS = YES_AGGRESSIVE;
				GCC_WARN_UNUSED_FUNCTION = YES;
				GCC_WARN_UNUSED_VARIABLE = YES;
				IPHONEOS_DEPLOYMENT_TARGET = 11.4;
				MTL_ENABLE_DEBUG_INFO = YES;
				ONLY_ACTIVE_ARCH = YES;
				SDKROOT = iphoneos;
				SWIFT_ACTIVE_COMPILATION_CONDITIONS = DEBUG;
				SWIFT_OPTIMIZATION_LEVEL = "-Onone";
			};
			name = Debug;
		};
		8D0B58792129160400D6BC02 /* Release */ = {
			isa = XCBuildConfiguration;
			buildSettings = {
				ALWAYS_SEARCH_USER_PATHS = NO;
				CLANG_ANALYZER_NONNULL = YES;
				CLANG_ANALYZER_NUMBER_OBJECT_CONVERSION = YES_AGGRESSIVE;
				CLANG_CXX_LANGUAGE_STANDARD = "gnu++14";
				CLANG_CXX_LIBRARY = "libc++";
				CLANG_ENABLE_MODULES = YES;
				CLANG_ENABLE_OBJC_ARC = YES;
				CLANG_ENABLE_OBJC_WEAK = YES;
				CLANG_WARN_BLOCK_CAPTURE_AUTORELEASING = YES;
				CLANG_WARN_BOOL_CONVERSION = YES;
				CLANG_WARN_COMMA = YES;
				CLANG_WARN_CONSTANT_CONVERSION = YES;
				CLANG_WARN_DEPRECATED_OBJC_IMPLEMENTATIONS = YES;
				CLANG_WARN_DIRECT_OBJC_ISA_USAGE = YES_ERROR;
				CLANG_WARN_DOCUMENTATION_COMMENTS = YES;
				CLANG_WARN_EMPTY_BODY = YES;
				CLANG_WARN_ENUM_CONVERSION = YES;
				CLANG_WARN_INFINITE_RECURSION = YES;
				CLANG_WARN_INT_CONVERSION = YES;
				CLANG_WARN_NON_LITERAL_NULL_CONVERSION = YES;
				CLANG_WARN_OBJC_IMPLICIT_RETAIN_SELF = YES;
				CLANG_WARN_OBJC_LITERAL_CONVERSION = YES;
				CLANG_WARN_OBJC_ROOT_CLASS = YES_ERROR;
				CLANG_WARN_RANGE_LOOP_ANALYSIS = YES;
				CLANG_WARN_STRICT_PROTOTYPES = YES;
				CLANG_WARN_SUSPICIOUS_MOVE = YES;
				CLANG_WARN_UNGUARDED_AVAILABILITY = YES_AGGRESSIVE;
				CLANG_WARN_UNREACHABLE_CODE = YES;
				CLANG_WARN__DUPLICATE_METHOD_MATCH = YES;
				CODE_SIGN_IDENTITY = "iPhone Developer";
				COPY_PHASE_STRIP = NO;
				DEBUG_INFORMATION_FORMAT = "dwarf-with-dsym";
				ENABLE_NS_ASSERTIONS = NO;
				ENABLE_STRICT_OBJC_MSGSEND = YES;
				GCC_C_LANGUAGE_STANDARD = gnu11;
				GCC_NO_COMMON_BLOCKS = YES;
				GCC_WARN_64_TO_32_BIT_CONVERSION = YES;
				GCC_WARN_ABOUT_RETURN_TYPE = YES_ERROR;
				GCC_WARN_UNDECLARED_SELECTOR = YES;
				GCC_WARN_UNINITIALIZED_AUTOS = YES_AGGRESSIVE;
				GCC_WARN_UNUSED_FUNCTION = YES;
				GCC_WARN_UNUSED_VARIABLE = YES;
				IPHONEOS_DEPLOYMENT_TARGET = 11.4;
				MTL_ENABLE_DEBUG_INFO = NO;
				SDKROOT = iphoneos;
				SWIFT_COMPILATION_MODE = wholemodule;
				SWIFT_OPTIMIZATION_LEVEL = "-O";
				VALIDATE_PRODUCT = YES;
			};
			name = Release;
		};
		8D0B587B2129160400D6BC02 /* Debug */ = {
			isa = XCBuildConfiguration;
			buildSettings = {
				ALWAYS_EMBED_SWIFT_STANDARD_LIBRARIES = YES;
				ASSETCATALOG_COMPILER_APPICON_NAME = AppIcon;
				CODE_SIGN_STYLE = Automatic;
				DEVELOPMENT_TEAM = 6UW4NKHZQ4;
				FRAMEWORK_SEARCH_PATHS = (
					"$(inherited)",
					"$(PROJECT_DIR)/Carthage/Build/iOS",
				);
				INFOPLIST_FILE = THESimulator/Info.plist;
				LD_RUNPATH_SEARCH_PATHS = (
					"$(inherited)",
					"@executable_path/Frameworks",
				);
				PRODUCT_BUNDLE_IDENTIFIER = com.pucrs.simu.THESimulator;
				PRODUCT_NAME = "$(TARGET_NAME)";
				SWIFT_VERSION = 4.0;
				TARGETED_DEVICE_FAMILY = "1,2";
			};
			name = Debug;
		};
		8D0B587C2129160400D6BC02 /* Release */ = {
			isa = XCBuildConfiguration;
			buildSettings = {
				ALWAYS_EMBED_SWIFT_STANDARD_LIBRARIES = YES;
				ASSETCATALOG_COMPILER_APPICON_NAME = AppIcon;
				CODE_SIGN_STYLE = Automatic;
				DEVELOPMENT_TEAM = 6UW4NKHZQ4;
				FRAMEWORK_SEARCH_PATHS = (
					"$(inherited)",
					"$(PROJECT_DIR)/Carthage/Build/iOS",
				);
				INFOPLIST_FILE = THESimulator/Info.plist;
				LD_RUNPATH_SEARCH_PATHS = (
					"$(inherited)",
					"@executable_path/Frameworks",
				);
				PRODUCT_BUNDLE_IDENTIFIER = com.pucrs.simu.THESimulator;
				PRODUCT_NAME = "$(TARGET_NAME)";
				SWIFT_VERSION = 4.0;
				TARGETED_DEVICE_FAMILY = "1,2";
			};
			name = Release;
		};
		8D0B587E2129160400D6BC02 /* Debug */ = {
			isa = XCBuildConfiguration;
			buildSettings = {
				ALWAYS_EMBED_SWIFT_STANDARD_LIBRARIES = YES;
				BUNDLE_LOADER = "$(TEST_HOST)";
				CODE_SIGN_STYLE = Automatic;
				DEVELOPMENT_TEAM = 6UW4NKHZQ4;
				INFOPLIST_FILE = THESimulatorTests/Info.plist;
				LD_RUNPATH_SEARCH_PATHS = (
					"$(inherited)",
					"@executable_path/Frameworks",
					"@loader_path/Frameworks",
				);
				PRODUCT_BUNDLE_IDENTIFIER = com.pucrs.simu.THESimulatorTests;
				PRODUCT_NAME = "$(TARGET_NAME)";
				SWIFT_VERSION = 4.0;
				TARGETED_DEVICE_FAMILY = "1,2";
				TEST_HOST = "$(BUILT_PRODUCTS_DIR)/THESimulator.app/THESimulator";
			};
			name = Debug;
		};
		8D0B587F2129160400D6BC02 /* Release */ = {
			isa = XCBuildConfiguration;
			buildSettings = {
				ALWAYS_EMBED_SWIFT_STANDARD_LIBRARIES = YES;
				BUNDLE_LOADER = "$(TEST_HOST)";
				CODE_SIGN_STYLE = Automatic;
				DEVELOPMENT_TEAM = 6UW4NKHZQ4;
				INFOPLIST_FILE = THESimulatorTests/Info.plist;
				LD_RUNPATH_SEARCH_PATHS = (
					"$(inherited)",
					"@executable_path/Frameworks",
					"@loader_path/Frameworks",
				);
				PRODUCT_BUNDLE_IDENTIFIER = com.pucrs.simu.THESimulatorTests;
				PRODUCT_NAME = "$(TARGET_NAME)";
				SWIFT_VERSION = 4.0;
				TARGETED_DEVICE_FAMILY = "1,2";
				TEST_HOST = "$(BUILT_PRODUCTS_DIR)/THESimulator.app/THESimulator";
			};
			name = Release;
		};
		8D52B64C213087AC003BFE1A /* Debug */ = {
			isa = XCBuildConfiguration;
			buildSettings = {
				CODE_SIGN_IDENTITY = "";
				CODE_SIGN_STYLE = Automatic;
				CURRENT_PROJECT_VERSION = 1;
				DEFINES_MODULE = YES;
				DEVELOPMENT_TEAM = 6UW4NKHZQ4;
				DYLIB_COMPATIBILITY_VERSION = 1;
				DYLIB_CURRENT_VERSION = 1;
				DYLIB_INSTALL_NAME_BASE = "@rpath";
				FRAMEWORK_SEARCH_PATHS = (
					"$(inherited)",
					"$(PROJECT_DIR)/Carthage/Build/iOS",
				);
				INFOPLIST_FILE = THESimulatorFramework/Info.plist;
				INSTALL_PATH = "$(LOCAL_LIBRARY_DIR)/Frameworks";
				LD_RUNPATH_SEARCH_PATHS = (
					"$(inherited)",
					"@executable_path/Frameworks",
					"@loader_path/Frameworks",
				);
				PRODUCT_BUNDLE_IDENTIFIER = com.pucrs.simu.THESimulatorFramework;
				PRODUCT_NAME = "$(TARGET_NAME:c99extidentifier)";
				SKIP_INSTALL = YES;
				SWIFT_VERSION = 4.0;
				TARGETED_DEVICE_FAMILY = "1,2";
				VERSIONING_SYSTEM = "apple-generic";
				VERSION_INFO_PREFIX = "";
			};
			name = Debug;
		};
		8D52B64D213087AC003BFE1A /* Release */ = {
			isa = XCBuildConfiguration;
			buildSettings = {
				CODE_SIGN_IDENTITY = "";
				CODE_SIGN_STYLE = Automatic;
				CURRENT_PROJECT_VERSION = 1;
				DEFINES_MODULE = YES;
				DEVELOPMENT_TEAM = 6UW4NKHZQ4;
				DYLIB_COMPATIBILITY_VERSION = 1;
				DYLIB_CURRENT_VERSION = 1;
				DYLIB_INSTALL_NAME_BASE = "@rpath";
				FRAMEWORK_SEARCH_PATHS = (
					"$(inherited)",
					"$(PROJECT_DIR)/Carthage/Build/iOS",
				);
				INFOPLIST_FILE = THESimulatorFramework/Info.plist;
				INSTALL_PATH = "$(LOCAL_LIBRARY_DIR)/Frameworks";
				LD_RUNPATH_SEARCH_PATHS = (
					"$(inherited)",
					"@executable_path/Frameworks",
					"@loader_path/Frameworks",
				);
				PRODUCT_BUNDLE_IDENTIFIER = com.pucrs.simu.THESimulatorFramework;
				PRODUCT_NAME = "$(TARGET_NAME:c99extidentifier)";
				SKIP_INSTALL = YES;
				SWIFT_VERSION = 4.0;
				TARGETED_DEVICE_FAMILY = "1,2";
				VERSIONING_SYSTEM = "apple-generic";
				VERSION_INFO_PREFIX = "";
			};
			name = Release;
		};
		8D52B64E213087AC003BFE1A /* Debug */ = {
			isa = XCBuildConfiguration;
			buildSettings = {
				ALWAYS_EMBED_SWIFT_STANDARD_LIBRARIES = YES;
				CODE_SIGN_STYLE = Automatic;
				DEVELOPMENT_TEAM = 6UW4NKHZQ4;
				INFOPLIST_FILE = THESimulatorFrameworkTests/Info.plist;
				LD_RUNPATH_SEARCH_PATHS = (
					"$(inherited)",
					"@executable_path/Frameworks",
					"@loader_path/Frameworks",
				);
				PRODUCT_BUNDLE_IDENTIFIER = com.pucrs.simu.THESimulatorFrameworkTests;
				PRODUCT_NAME = "$(TARGET_NAME)";
				SWIFT_VERSION = 4.0;
				TARGETED_DEVICE_FAMILY = "1,2";
				TEST_HOST = "$(BUILT_PRODUCTS_DIR)/THESimulator.app/THESimulator";
			};
			name = Debug;
		};
		8D52B64F213087AC003BFE1A /* Release */ = {
			isa = XCBuildConfiguration;
			buildSettings = {
				ALWAYS_EMBED_SWIFT_STANDARD_LIBRARIES = YES;
				CODE_SIGN_STYLE = Automatic;
				DEVELOPMENT_TEAM = 6UW4NKHZQ4;
				INFOPLIST_FILE = THESimulatorFrameworkTests/Info.plist;
				LD_RUNPATH_SEARCH_PATHS = (
					"$(inherited)",
					"@executable_path/Frameworks",
					"@loader_path/Frameworks",
				);
				PRODUCT_BUNDLE_IDENTIFIER = com.pucrs.simu.THESimulatorFrameworkTests;
				PRODUCT_NAME = "$(TARGET_NAME)";
				SWIFT_VERSION = 4.0;
				TARGETED_DEVICE_FAMILY = "1,2";
				TEST_HOST = "$(BUILT_PRODUCTS_DIR)/THESimulator.app/THESimulator";
			};
			name = Release;
		};
/* End XCBuildConfiguration section */

/* Begin XCConfigurationList section */
		8D0B58582129160200D6BC02 /* Build configuration list for PBXProject "THESimulator" */ = {
			isa = XCConfigurationList;
			buildConfigurations = (
				8D0B58782129160400D6BC02 /* Debug */,
				8D0B58792129160400D6BC02 /* Release */,
			);
			defaultConfigurationIsVisible = 0;
			defaultConfigurationName = Release;
		};
		8D0B587A2129160400D6BC02 /* Build configuration list for PBXNativeTarget "THESimulator" */ = {
			isa = XCConfigurationList;
			buildConfigurations = (
				8D0B587B2129160400D6BC02 /* Debug */,
				8D0B587C2129160400D6BC02 /* Release */,
			);
			defaultConfigurationIsVisible = 0;
			defaultConfigurationName = Release;
		};
		8D0B587D2129160400D6BC02 /* Build configuration list for PBXNativeTarget "THESimulatorTests" */ = {
			isa = XCConfigurationList;
			buildConfigurations = (
				8D0B587E2129160400D6BC02 /* Debug */,
				8D0B587F2129160400D6BC02 /* Release */,
			);
			defaultConfigurationIsVisible = 0;
			defaultConfigurationName = Release;
		};
		8D52B650213087AC003BFE1A /* Build configuration list for PBXNativeTarget "THESimulatorFramework" */ = {
			isa = XCConfigurationList;
			buildConfigurations = (
				8D52B64C213087AC003BFE1A /* Debug */,
				8D52B64D213087AC003BFE1A /* Release */,
			);
			defaultConfigurationIsVisible = 0;
			defaultConfigurationName = Release;
		};
		8D52B652213087AC003BFE1A /* Build configuration list for PBXNativeTarget "THESimulatorFrameworkTests" */ = {
			isa = XCConfigurationList;
			buildConfigurations = (
				8D52B64E213087AC003BFE1A /* Debug */,
				8D52B64F213087AC003BFE1A /* Release */,
			);
			defaultConfigurationIsVisible = 0;
			defaultConfigurationName = Release;
		};
/* End XCConfigurationList section */
	};
	rootObject = 8D0B58552129160200D6BC02 /* Project object */;
}
